
Microsoft Visual Studio Solution File, Format Version 12.00
# Visual Studio 15
VisualStudioVersion = 15.0.28307.168
MinimumVisualStudioVersion = 10.0.40219.1
Project("{FAE04EC0-301F-11D3-BF4B-00C04F79EFBC}") = "DemoLogger", "DemoLogger\DemoLogger.csproj", "{3A185AA6-5853-4B69-80D7-EFA607E67E77}"
EndProject
Global
	GlobalSection(SolutionConfigurationPlatforms) = preSolution
		Debug|Any CPU = Debug|Any CPU
		Release|Any CPU = Release|Any CPU
	EndGlobalSection
	GlobalSection(ProjectConfigurationPlatforms) = postSolution
		{3A185AA6-5853-4B69-80D7-EFA607E67E77}.Debug|Any CPU.ActiveCfg = Debug|Any CPU
		{3A185AA6-5853-4B69-80D7-EFA607E67E77}.Debug|Any CPU.Build.0 = Debug|Any CPU
		{3A185AA6-5853-4B69-80D7-EFA607E67E77}.Release|Any CPU.ActiveCfg = Release|Any CPU
		{3A185AA6-5853-4B69-80D7-EFA607E67E77}.Release|Any CPU.Build.0 = Release|Any CPU
	EndGlobalSection
	GlobalSection(SolutionProperties) = preSolution
		HideSolutionNode = FALSE
	EndGlobalSection
	GlobalSection(ExtensibilityGlobals) = postSolution
		SolutionGuid = {A62E2F0A-38D9-4B1A-A4AC-2E35717ABFAA}
	EndGlobalSection
EndGlobal
