
Microsoft Visual Studio Solution File, Format Version 12.00
# Visual Studio 15
VisualStudioVersion = 15.0.28307.572
MinimumVisualStudioVersion = 10.0.40219.1
Project("{9A19103F-16F7-4668-BE54-9A1E7A4F7556}") = "Introduction", "Introduction\Introduction.csproj", "{785F0D5E-9355-4B72-8A3D-4E26F93B18F4}"
EndProject
Project("{9A19103F-16F7-4668-BE54-9A1E7A4F7556}") = "Features", "Features\Features.csproj", "{EFB8ADCB-B05D-48DA-A8CA-BB6742B0D029}"
EndProject
Project("{9A19103F-16F7-4668-BE54-9A1E7A4F7556}") = "Cars", "Cars\Cars.csproj", "{5E870364-D934-4729-B1D1-3DF504B2DB20}"
EndProject
Project("{9A19103F-16F7-4668-BE54-9A1E7A4F7556}") = "Queries", "Queries\Queries.csproj", "{84083705-C8A5-4A7D-9E5D-A6558E3D5B75}"
EndProject
Global
	GlobalSection(SolutionConfigurationPlatforms) = preSolution
		Debug|Any CPU = Debug|Any CPU
		Release|Any CPU = Release|Any CPU
	EndGlobalSection
	GlobalSection(ProjectConfigurationPlatforms) = postSolution
		{785F0D5E-9355-4B72-8A3D-4E26F93B18F4}.Debug|Any CPU.ActiveCfg = Debug|Any CPU
		{785F0D5E-9355-4B72-8A3D-4E26F93B18F4}.Debug|Any CPU.Build.0 = Debug|Any CPU
		{785F0D5E-9355-4B72-8A3D-4E26F93B18F4}.Release|Any CPU.ActiveCfg = Release|Any CPU
		{785F0D5E-9355-4B72-8A3D-4E26F93B18F4}.Release|Any CPU.Build.0 = Release|Any CPU
		{EFB8ADCB-B05D-48DA-A8CA-BB6742B0D029}.Debug|Any CPU.ActiveCfg = Debug|Any CPU
		{EFB8ADCB-B05D-48DA-A8CA-BB6742B0D029}.Debug|Any CPU.Build.0 = Debug|Any CPU
		{EFB8ADCB-B05D-48DA-A8CA-BB6742B0D029}.Release|Any CPU.ActiveCfg = Release|Any CPU
		{EFB8ADCB-B05D-48DA-A8CA-BB6742B0D029}.Release|Any CPU.Build.0 = Release|Any CPU
		{5E870364-D934-4729-B1D1-3DF504B2DB20}.Debug|Any CPU.ActiveCfg = Debug|Any CPU
		{5E870364-D934-4729-B1D1-3DF504B2DB20}.Debug|Any CPU.Build.0 = Debug|Any CPU
		{5E870364-D934-4729-B1D1-3DF504B2DB20}.Release|Any CPU.ActiveCfg = Release|Any CPU
		{5E870364-D934-4729-B1D1-3DF504B2DB20}.Release|Any CPU.Build.0 = Release|Any CPU
		{84083705-C8A5-4A7D-9E5D-A6558E3D5B75}.Debug|Any CPU.ActiveCfg = Debug|Any CPU
		{84083705-C8A5-4A7D-9E5D-A6558E3D5B75}.Debug|Any CPU.Build.0 = Debug|Any CPU
		{84083705-C8A5-4A7D-9E5D-A6558E3D5B75}.Release|Any CPU.ActiveCfg = Release|Any CPU
		{84083705-C8A5-4A7D-9E5D-A6558E3D5B75}.Release|Any CPU.Build.0 = Release|Any CPU
	EndGlobalSection
	GlobalSection(SolutionProperties) = preSolution
		HideSolutionNode = FALSE
	EndGlobalSection
	GlobalSection(ExtensibilityGlobals) = postSolution
		SolutionGuid = {4111372A-668F-4877-9025-F3E4F08A8DAA}
	EndGlobalSection
EndGlobal
